// !$*UTF8*$!
{
	archiveVersion = 1;
	classes = {
	};
	objectVersion = 48;
	objects = {

/* Begin PBXBuildFile section */
		3F58BCB3F9E9453F67CFAABD /* Pods_Grocery_ListUITests.framework in Frameworks */ = {isa = PBXBuildFile; fileRef = 8BDD4C73F42BA0B628CAC3DD /* Pods_Grocery_ListUITests.framework */; };
		BABC69C35CD133C87E59D2B3 /* Pods_Grocery_List.framework in Frameworks */ = {isa = PBXBuildFile; fileRef = DA5AB33C7925B1805B49C2C8 /* Pods_Grocery_List.framework */; };
		CC96F234A378BB6AE0F33CED /* Pods_Grocery_ListTests.framework in Frameworks */ = {isa = PBXBuildFile; fileRef = 4C7D607D1AFC9D97A3AD2217 /* Pods_Grocery_ListTests.framework */; };
		D10799381FB8EE65000E366B /* CoreDataManager.swift in Sources */ = {isa = PBXBuildFile; fileRef = D10799371FB8EE65000E366B /* CoreDataManager.swift */; };
		D1474879208ECF9700ADCBD2 /* IQNSArray+Sort.swift in Sources */ = {isa = PBXBuildFile; fileRef = D1474863208ECF9700ADCBD2 /* IQNSArray+Sort.swift */; };
		D147487A208ECF9700ADCBD2 /* IQUIScrollView+Additions.swift in Sources */ = {isa = PBXBuildFile; fileRef = D1474864208ECF9700ADCBD2 /* IQUIScrollView+Additions.swift */; };
		D147487B208ECF9700ADCBD2 /* IQUITextFieldView+Additions.swift in Sources */ = {isa = PBXBuildFile; fileRef = D1474865208ECF9700ADCBD2 /* IQUITextFieldView+Additions.swift */; };
		D147487C208ECF9700ADCBD2 /* IQUIView+Hierarchy.swift in Sources */ = {isa = PBXBuildFile; fileRef = D1474866208ECF9700ADCBD2 /* IQUIView+Hierarchy.swift */; };
		D147487D208ECF9700ADCBD2 /* IQUIViewController+Additions.swift in Sources */ = {isa = PBXBuildFile; fileRef = D1474867208ECF9700ADCBD2 /* IQUIViewController+Additions.swift */; };
		D147487E208ECF9700ADCBD2 /* IQKeyboardManagerConstants.swift in Sources */ = {isa = PBXBuildFile; fileRef = D1474869208ECF9700ADCBD2 /* IQKeyboardManagerConstants.swift */; };
		D147487F208ECF9700ADCBD2 /* IQKeyboardManagerConstantsInternal.swift in Sources */ = {isa = PBXBuildFile; fileRef = D147486A208ECF9700ADCBD2 /* IQKeyboardManagerConstantsInternal.swift */; };
		D1474880208ECF9700ADCBD2 /* IQKeyboardManager.swift in Sources */ = {isa = PBXBuildFile; fileRef = D147486B208ECF9700ADCBD2 /* IQKeyboardManager.swift */; };
		D1474881208ECF9700ADCBD2 /* IQKeyboardReturnKeyHandler.swift in Sources */ = {isa = PBXBuildFile; fileRef = D147486D208ECF9700ADCBD2 /* IQKeyboardReturnKeyHandler.swift */; };
		D1474882208ECF9700ADCBD2 /* IQTextView.swift in Sources */ = {isa = PBXBuildFile; fileRef = D147486F208ECF9700ADCBD2 /* IQTextView.swift */; };
		D1474883208ECF9700ADCBD2 /* IQBarButtonItem.swift in Sources */ = {isa = PBXBuildFile; fileRef = D1474871208ECF9700ADCBD2 /* IQBarButtonItem.swift */; };
		D1474884208ECF9700ADCBD2 /* IQInvocation.swift in Sources */ = {isa = PBXBuildFile; fileRef = D1474872208ECF9700ADCBD2 /* IQInvocation.swift */; };
		D1474885208ECF9700ADCBD2 /* IQPreviousNextView.swift in Sources */ = {isa = PBXBuildFile; fileRef = D1474873208ECF9700ADCBD2 /* IQPreviousNextView.swift */; };
		D1474886208ECF9700ADCBD2 /* IQTitleBarButtonItem.swift in Sources */ = {isa = PBXBuildFile; fileRef = D1474874208ECF9700ADCBD2 /* IQTitleBarButtonItem.swift */; };
		D1474887208ECF9700ADCBD2 /* IQToolbar.swift in Sources */ = {isa = PBXBuildFile; fileRef = D1474875208ECF9700ADCBD2 /* IQToolbar.swift */; };
		D1474888208ECF9700ADCBD2 /* IQUIView+IQKeyboardToolbar.swift in Sources */ = {isa = PBXBuildFile; fileRef = D1474876208ECF9700ADCBD2 /* IQUIView+IQKeyboardToolbar.swift */; };
		D1474889208ECF9700ADCBD2 /* IQKeyboardManager.bundle in Resources */ = {isa = PBXBuildFile; fileRef = D1474878208ECF9700ADCBD2 /* IQKeyboardManager.bundle */; };
		D15B15B71FB16855002047EF /* AppDelegate.swift in Sources */ = {isa = PBXBuildFile; fileRef = D15B15B61FB16855002047EF /* AppDelegate.swift */; };
		D15B15B91FB16855002047EF /* ViewController.swift in Sources */ = {isa = PBXBuildFile; fileRef = D15B15B81FB16855002047EF /* ViewController.swift */; };
		D15B15BC1FB16855002047EF /* Main.storyboard in Resources */ = {isa = PBXBuildFile; fileRef = D15B15BA1FB16855002047EF /* Main.storyboard */; };
		D15B15BE1FB16855002047EF /* Assets.xcassets in Resources */ = {isa = PBXBuildFile; fileRef = D15B15BD1FB16855002047EF /* Assets.xcassets */; };
		D15B15C11FB16855002047EF /* LaunchScreen.storyboard in Resources */ = {isa = PBXBuildFile; fileRef = D15B15BF1FB16855002047EF /* LaunchScreen.storyboard */; };
		D15B15CC1FB16855002047EF /* Grocery_ListTests.swift in Sources */ = {isa = PBXBuildFile; fileRef = D15B15CB1FB16855002047EF /* Grocery_ListTests.swift */; };
		D15B15D71FB16855002047EF /* Grocery_ListUITests.swift in Sources */ = {isa = PBXBuildFile; fileRef = D15B15D61FB16855002047EF /* Grocery_ListUITests.swift */; };
		D15B15E71FB29563002047EF /* ListItemsViewController.swift in Sources */ = {isa = PBXBuildFile; fileRef = D15B15E61FB29563002047EF /* ListItemsViewController.swift */; };
		D15B15E91FB29AF6002047EF /* MapViewController.swift in Sources */ = {isa = PBXBuildFile; fileRef = D15B15E81FB29AF6002047EF /* MapViewController.swift */; };
		D15B15EB1FB2B926002047EF /* ListTableViewCell.swift in Sources */ = {isa = PBXBuildFile; fileRef = D15B15EA1FB2B926002047EF /* ListTableViewCell.swift */; };
		D18068971FE743BD0073AE9C /* ItemTableCell.swift in Sources */ = {isa = PBXBuildFile; fileRef = D18068961FE743BD0073AE9C /* ItemTableCell.swift */; };
		D1A0BC741FBA2E590056BFD0 /* ListNameTableViewCell.swift in Sources */ = {isa = PBXBuildFile; fileRef = D1A0BC731FBA2E590056BFD0 /* ListNameTableViewCell.swift */; };
		D1C1279C1FB941C6006D0EAF /* Grocery.xcdatamodeld in Sources */ = {isa = PBXBuildFile; fileRef = D10799341FB8EE3D000E366B /* Grocery.xcdatamodeld */; };
/* End PBXBuildFile section */

/* Begin PBXContainerItemProxy section */
		D15B15C81FB16855002047EF /* PBXContainerItemProxy */ = {
			isa = PBXContainerItemProxy;
			containerPortal = D15B15AB1FB16855002047EF /* Project object */;
			proxyType = 1;
			remoteGlobalIDString = D15B15B21FB16855002047EF;
			remoteInfo = "Grocery List";
		};
		D15B15D31FB16855002047EF /* PBXContainerItemProxy */ = {
			isa = PBXContainerItemProxy;
			containerPortal = D15B15AB1FB16855002047EF /* Project object */;
			proxyType = 1;
			remoteGlobalIDString = D15B15B21FB16855002047EF;
			remoteInfo = "Grocery List";
		};
/* End PBXContainerItemProxy section */

/* Begin PBXFileReference section */
		046E8D7BAB69B06487E5DD26 /* Pods-Grocery List.release.xcconfig */ = {isa = PBXFileReference; includeInIndex = 1; lastKnownFileType = text.xcconfig; name = "Pods-Grocery List.release.xcconfig"; path = "Pods/Target Support Files/Pods-Grocery List/Pods-Grocery List.release.xcconfig"; sourceTree = "<group>"; };
		0B847C124F9EB03A7D957752 /* Pods-Grocery ListUITests.debug.xcconfig */ = {isa = PBXFileReference; includeInIndex = 1; lastKnownFileType = text.xcconfig; name = "Pods-Grocery ListUITests.debug.xcconfig"; path = "Pods/Target Support Files/Pods-Grocery ListUITests/Pods-Grocery ListUITests.debug.xcconfig"; sourceTree = "<group>"; };
		4C7D607D1AFC9D97A3AD2217 /* Pods_Grocery_ListTests.framework */ = {isa = PBXFileReference; explicitFileType = wrapper.framework; includeInIndex = 0; path = Pods_Grocery_ListTests.framework; sourceTree = BUILT_PRODUCTS_DIR; };
		5E019E87E3CA0DF196E890D7 /* Pods-Grocery ListTests.debug.xcconfig */ = {isa = PBXFileReference; includeInIndex = 1; lastKnownFileType = text.xcconfig; name = "Pods-Grocery ListTests.debug.xcconfig"; path = "Pods/Target Support Files/Pods-Grocery ListTests/Pods-Grocery ListTests.debug.xcconfig"; sourceTree = "<group>"; };
		7C425756D982FDCF9AD46B00 /* Pods-Grocery List.debug.xcconfig */ = {isa = PBXFileReference; includeInIndex = 1; lastKnownFileType = text.xcconfig; name = "Pods-Grocery List.debug.xcconfig"; path = "Pods/Target Support Files/Pods-Grocery List/Pods-Grocery List.debug.xcconfig"; sourceTree = "<group>"; };
		801BEB91291E7380AF1D1E0E /* Pods-Grocery ListUITests.release.xcconfig */ = {isa = PBXFileReference; includeInIndex = 1; lastKnownFileType = text.xcconfig; name = "Pods-Grocery ListUITests.release.xcconfig"; path = "Pods/Target Support Files/Pods-Grocery ListUITests/Pods-Grocery ListUITests.release.xcconfig"; sourceTree = "<group>"; };
		8BDD4C73F42BA0B628CAC3DD /* Pods_Grocery_ListUITests.framework */ = {isa = PBXFileReference; explicitFileType = wrapper.framework; includeInIndex = 0; path = Pods_Grocery_ListUITests.framework; sourceTree = BUILT_PRODUCTS_DIR; };
		B1D12DA2B99A2B6A85F9870B /* Pods-Grocery ListTests.release.xcconfig */ = {isa = PBXFileReference; includeInIndex = 1; lastKnownFileType = text.xcconfig; name = "Pods-Grocery ListTests.release.xcconfig"; path = "Pods/Target Support Files/Pods-Grocery ListTests/Pods-Grocery ListTests.release.xcconfig"; sourceTree = "<group>"; };
		D10799351FB8EE3D000E366B /* Grocery.xcdatamodel */ = {isa = PBXFileReference; lastKnownFileType = wrapper.xcdatamodel; path = Grocery.xcdatamodel; sourceTree = "<group>"; };
		D10799371FB8EE65000E366B /* CoreDataManager.swift */ = {isa = PBXFileReference; lastKnownFileType = sourcecode.swift; path = CoreDataManager.swift; sourceTree = "<group>"; };
		D1474863208ECF9700ADCBD2 /* IQNSArray+Sort.swift */ = {isa = PBXFileReference; fileEncoding = 4; lastKnownFileType = sourcecode.swift; path = "IQNSArray+Sort.swift"; sourceTree = "<group>"; };
		D1474864208ECF9700ADCBD2 /* IQUIScrollView+Additions.swift */ = {isa = PBXFileReference; fileEncoding = 4; lastKnownFileType = sourcecode.swift; path = "IQUIScrollView+Additions.swift"; sourceTree = "<group>"; };
		D1474865208ECF9700ADCBD2 /* IQUITextFieldView+Additions.swift */ = {isa = PBXFileReference; fileEncoding = 4; lastKnownFileType = sourcecode.swift; path = "IQUITextFieldView+Additions.swift"; sourceTree = "<group>"; };
		D1474866208ECF9700ADCBD2 /* IQUIView+Hierarchy.swift */ = {isa = PBXFileReference; fileEncoding = 4; lastKnownFileType = sourcecode.swift; path = "IQUIView+Hierarchy.swift"; sourceTree = "<group>"; };
		D1474867208ECF9700ADCBD2 /* IQUIViewController+Additions.swift */ = {isa = PBXFileReference; fileEncoding = 4; lastKnownFileType = sourcecode.swift; path = "IQUIViewController+Additions.swift"; sourceTree = "<group>"; };
		D1474869208ECF9700ADCBD2 /* IQKeyboardManagerConstants.swift */ = {isa = PBXFileReference; fileEncoding = 4; lastKnownFileType = sourcecode.swift; path = IQKeyboardManagerConstants.swift; sourceTree = "<group>"; };
		D147486A208ECF9700ADCBD2 /* IQKeyboardManagerConstantsInternal.swift */ = {isa = PBXFileReference; fileEncoding = 4; lastKnownFileType = sourcecode.swift; path = IQKeyboardManagerConstantsInternal.swift; sourceTree = "<group>"; };
		D147486B208ECF9700ADCBD2 /* IQKeyboardManager.swift */ = {isa = PBXFileReference; fileEncoding = 4; lastKnownFileType = sourcecode.swift; path = IQKeyboardManager.swift; sourceTree = "<group>"; };
		D147486C208ECF9700ADCBD2 /* IQKeyboardManagerSwift.h */ = {isa = PBXFileReference; fileEncoding = 4; lastKnownFileType = sourcecode.c.h; path = IQKeyboardManagerSwift.h; sourceTree = "<group>"; };
		D147486D208ECF9700ADCBD2 /* IQKeyboardReturnKeyHandler.swift */ = {isa = PBXFileReference; fileEncoding = 4; lastKnownFileType = sourcecode.swift; path = IQKeyboardReturnKeyHandler.swift; sourceTree = "<group>"; };
		D147486F208ECF9700ADCBD2 /* IQTextView.swift */ = {isa = PBXFileReference; fileEncoding = 4; lastKnownFileType = sourcecode.swift; path = IQTextView.swift; sourceTree = "<group>"; };
		D1474871208ECF9700ADCBD2 /* IQBarButtonItem.swift */ = {isa = PBXFileReference; fileEncoding = 4; lastKnownFileType = sourcecode.swift; path = IQBarButtonItem.swift; sourceTree = "<group>"; };
		D1474872208ECF9700ADCBD2 /* IQInvocation.swift */ = {isa = PBXFileReference; fileEncoding = 4; lastKnownFileType = sourcecode.swift; path = IQInvocation.swift; sourceTree = "<group>"; };
		D1474873208ECF9700ADCBD2 /* IQPreviousNextView.swift */ = {isa = PBXFileReference; fileEncoding = 4; lastKnownFileType = sourcecode.swift; path = IQPreviousNextView.swift; sourceTree = "<group>"; };
		D1474874208ECF9700ADCBD2 /* IQTitleBarButtonItem.swift */ = {isa = PBXFileReference; fileEncoding = 4; lastKnownFileType = sourcecode.swift; path = IQTitleBarButtonItem.swift; sourceTree = "<group>"; };
		D1474875208ECF9700ADCBD2 /* IQToolbar.swift */ = {isa = PBXFileReference; fileEncoding = 4; lastKnownFileType = sourcecode.swift; path = IQToolbar.swift; sourceTree = "<group>"; };
		D1474876208ECF9700ADCBD2 /* IQUIView+IQKeyboardToolbar.swift */ = {isa = PBXFileReference; fileEncoding = 4; lastKnownFileType = sourcecode.swift; path = "IQUIView+IQKeyboardToolbar.swift"; sourceTree = "<group>"; };
		D1474878208ECF9700ADCBD2 /* IQKeyboardManager.bundle */ = {isa = PBXFileReference; lastKnownFileType = "wrapper.plug-in"; path = IQKeyboardManager.bundle; sourceTree = "<group>"; };
		D15B15B31FB16855002047EF /* Grocery List.app */ = {isa = PBXFileReference; explicitFileType = wrapper.application; includeInIndex = 0; path = "Grocery List.app"; sourceTree = BUILT_PRODUCTS_DIR; };
		D15B15B61FB16855002047EF /* AppDelegate.swift */ = {isa = PBXFileReference; lastKnownFileType = sourcecode.swift; path = AppDelegate.swift; sourceTree = "<group>"; };
		D15B15B81FB16855002047EF /* ViewController.swift */ = {isa = PBXFileReference; lastKnownFileType = sourcecode.swift; path = ViewController.swift; sourceTree = "<group>"; };
		D15B15BB1FB16855002047EF /* Base */ = {isa = PBXFileReference; lastKnownFileType = file.storyboard; name = Base; path = Base.lproj/Main.storyboard; sourceTree = "<group>"; };
		D15B15BD1FB16855002047EF /* Assets.xcassets */ = {isa = PBXFileReference; lastKnownFileType = folder.assetcatalog; path = Assets.xcassets; sourceTree = "<group>"; };
		D15B15C01FB16855002047EF /* Base */ = {isa = PBXFileReference; lastKnownFileType = file.storyboard; name = Base; path = Base.lproj/LaunchScreen.storyboard; sourceTree = "<group>"; };
		D15B15C21FB16855002047EF /* Info.plist */ = {isa = PBXFileReference; lastKnownFileType = text.plist.xml; path = Info.plist; sourceTree = "<group>"; };
		D15B15C71FB16855002047EF /* Grocery ListTests.xctest */ = {isa = PBXFileReference; explicitFileType = wrapper.cfbundle; includeInIndex = 0; path = "Grocery ListTests.xctest"; sourceTree = BUILT_PRODUCTS_DIR; };
		D15B15CB1FB16855002047EF /* Grocery_ListTests.swift */ = {isa = PBXFileReference; lastKnownFileType = sourcecode.swift; path = Grocery_ListTests.swift; sourceTree = "<group>"; };
		D15B15CD1FB16855002047EF /* Info.plist */ = {isa = PBXFileReference; lastKnownFileType = text.plist.xml; path = Info.plist; sourceTree = "<group>"; };
		D15B15D21FB16855002047EF /* Grocery ListUITests.xctest */ = {isa = PBXFileReference; explicitFileType = wrapper.cfbundle; includeInIndex = 0; path = "Grocery ListUITests.xctest"; sourceTree = BUILT_PRODUCTS_DIR; };
		D15B15D61FB16855002047EF /* Grocery_ListUITests.swift */ = {isa = PBXFileReference; lastKnownFileType = sourcecode.swift; path = Grocery_ListUITests.swift; sourceTree = "<group>"; };
		D15B15D81FB16855002047EF /* Info.plist */ = {isa = PBXFileReference; lastKnownFileType = text.plist.xml; path = Info.plist; sourceTree = "<group>"; };
		D15B15E61FB29563002047EF /* ListItemsViewController.swift */ = {isa = PBXFileReference; lastKnownFileType = sourcecode.swift; path = ListItemsViewController.swift; sourceTree = "<group>"; };
		D15B15E81FB29AF6002047EF /* MapViewController.swift */ = {isa = PBXFileReference; lastKnownFileType = sourcecode.swift; path = MapViewController.swift; sourceTree = "<group>"; };
		D15B15EA1FB2B926002047EF /* ListTableViewCell.swift */ = {isa = PBXFileReference; lastKnownFileType = sourcecode.swift; path = ListTableViewCell.swift; sourceTree = "<group>"; };
		D18068961FE743BD0073AE9C /* ItemTableCell.swift */ = {isa = PBXFileReference; lastKnownFileType = sourcecode.swift; path = ItemTableCell.swift; sourceTree = "<group>"; };
		D1A0BC731FBA2E590056BFD0 /* ListNameTableViewCell.swift */ = {isa = PBXFileReference; lastKnownFileType = sourcecode.swift; path = ListNameTableViewCell.swift; sourceTree = "<group>"; };
		DA5AB33C7925B1805B49C2C8 /* Pods_Grocery_List.framework */ = {isa = PBXFileReference; explicitFileType = wrapper.framework; includeInIndex = 0; path = Pods_Grocery_List.framework; sourceTree = BUILT_PRODUCTS_DIR; };
/* End PBXFileReference section */

/* Begin PBXFrameworksBuildPhase section */
		D15B15B01FB16855002047EF /* Frameworks */ = {
			isa = PBXFrameworksBuildPhase;
			buildActionMask = 2147483647;
			files = (
				BABC69C35CD133C87E59D2B3 /* Pods_Grocery_List.framework in Frameworks */,
			);
			runOnlyForDeploymentPostprocessing = 0;
		};
		D15B15C41FB16855002047EF /* Frameworks */ = {
			isa = PBXFrameworksBuildPhase;
			buildActionMask = 2147483647;
			files = (
				CC96F234A378BB6AE0F33CED /* Pods_Grocery_ListTests.framework in Frameworks */,
			);
			runOnlyForDeploymentPostprocessing = 0;
		};
		D15B15CF1FB16855002047EF /* Frameworks */ = {
			isa = PBXFrameworksBuildPhase;
			buildActionMask = 2147483647;
			files = (
				3F58BCB3F9E9453F67CFAABD /* Pods_Grocery_ListUITests.framework in Frameworks */,
			);
			runOnlyForDeploymentPostprocessing = 0;
		};
/* End PBXFrameworksBuildPhase section */

/* Begin PBXGroup section */
		C50AA00B55129324ED443B06 /* Pods */ = {
			isa = PBXGroup;
			children = (
				7C425756D982FDCF9AD46B00 /* Pods-Grocery List.debug.xcconfig */,
				046E8D7BAB69B06487E5DD26 /* Pods-Grocery List.release.xcconfig */,
				5E019E87E3CA0DF196E890D7 /* Pods-Grocery ListTests.debug.xcconfig */,
				B1D12DA2B99A2B6A85F9870B /* Pods-Grocery ListTests.release.xcconfig */,
				0B847C124F9EB03A7D957752 /* Pods-Grocery ListUITests.debug.xcconfig */,
				801BEB91291E7380AF1D1E0E /* Pods-Grocery ListUITests.release.xcconfig */,
			);
			name = Pods;
			sourceTree = "<group>";
		};
		CC1BA92FDC55A5AE740BE8D7 /* Frameworks */ = {
			isa = PBXGroup;
			children = (
				DA5AB33C7925B1805B49C2C8 /* Pods_Grocery_List.framework */,
				4C7D607D1AFC9D97A3AD2217 /* Pods_Grocery_ListTests.framework */,
				8BDD4C73F42BA0B628CAC3DD /* Pods_Grocery_ListUITests.framework */,
			);
			name = Frameworks;
			sourceTree = "<group>";
		};
		D10799361FB8EE57000E366B /* Model */ = {
			isa = PBXGroup;
			children = (
				D10799341FB8EE3D000E366B /* Grocery.xcdatamodeld */,
			);
			path = Model;
			sourceTree = "<group>";
		};
		D10799391FB8EE70000E366B /* Manager */ = {
			isa = PBXGroup;
			children = (
				D10799371FB8EE65000E366B /* CoreDataManager.swift */,
			);
			path = Manager;
			sourceTree = "<group>";
		};
		D1474861208ECF9700ADCBD2 /* IQKeyboardManagerSwift */ = {
			isa = PBXGroup;
			children = (
				D1474862208ECF9700ADCBD2 /* Categories */,
				D1474868208ECF9700ADCBD2 /* Constants */,
				D147486B208ECF9700ADCBD2 /* IQKeyboardManager.swift */,
				D147486C208ECF9700ADCBD2 /* IQKeyboardManagerSwift.h */,
				D147486D208ECF9700ADCBD2 /* IQKeyboardReturnKeyHandler.swift */,
				D147486E208ECF9700ADCBD2 /* IQTextView */,
				D1474870208ECF9700ADCBD2 /* IQToolbar */,
				D1474877208ECF9700ADCBD2 /* Resources */,
			);
			path = IQKeyboardManagerSwift;
			sourceTree = "<group>";
		};
		D1474862208ECF9700ADCBD2 /* Categories */ = {
			isa = PBXGroup;
			children = (
				D1474863208ECF9700ADCBD2 /* IQNSArray+Sort.swift */,
				D1474864208ECF9700ADCBD2 /* IQUIScrollView+Additions.swift */,
				D1474865208ECF9700ADCBD2 /* IQUITextFieldView+Additions.swift */,
				D1474866208ECF9700ADCBD2 /* IQUIView+Hierarchy.swift */,
				D1474867208ECF9700ADCBD2 /* IQUIViewController+Additions.swift */,
			);
			path = Categories;
			sourceTree = "<group>";
		};
		D1474868208ECF9700ADCBD2 /* Constants */ = {
			isa = PBXGroup;
			children = (
				D1474869208ECF9700ADCBD2 /* IQKeyboardManagerConstants.swift */,
				D147486A208ECF9700ADCBD2 /* IQKeyboardManagerConstantsInternal.swift */,
			);
			path = Constants;
			sourceTree = "<group>";
		};
		D147486E208ECF9700ADCBD2 /* IQTextView */ = {
			isa = PBXGroup;
			children = (
				D147486F208ECF9700ADCBD2 /* IQTextView.swift */,
			);
			path = IQTextView;
			sourceTree = "<group>";
		};
		D1474870208ECF9700ADCBD2 /* IQToolbar */ = {
			isa = PBXGroup;
			children = (
				D1474871208ECF9700ADCBD2 /* IQBarButtonItem.swift */,
				D1474872208ECF9700ADCBD2 /* IQInvocation.swift */,
				D1474873208ECF9700ADCBD2 /* IQPreviousNextView.swift */,
				D1474874208ECF9700ADCBD2 /* IQTitleBarButtonItem.swift */,
				D1474875208ECF9700ADCBD2 /* IQToolbar.swift */,
				D1474876208ECF9700ADCBD2 /* IQUIView+IQKeyboardToolbar.swift */,
			);
			path = IQToolbar;
			sourceTree = "<group>";
		};
		D1474877208ECF9700ADCBD2 /* Resources */ = {
			isa = PBXGroup;
			children = (
				D1474878208ECF9700ADCBD2 /* IQKeyboardManager.bundle */,
			);
			path = Resources;
			sourceTree = "<group>";
		};
		D15B15AA1FB16855002047EF = {
			isa = PBXGroup;
			children = (
				D1474861208ECF9700ADCBD2 /* IQKeyboardManagerSwift */,
				D15B15B51FB16855002047EF /* Grocery List */,
				D15B15CA1FB16855002047EF /* Grocery ListTests */,
				D15B15D51FB16855002047EF /* Grocery ListUITests */,
				D15B15B41FB16855002047EF /* Products */,
				C50AA00B55129324ED443B06 /* Pods */,
				CC1BA92FDC55A5AE740BE8D7 /* Frameworks */,
			);
			sourceTree = "<group>";
		};
		D15B15B41FB16855002047EF /* Products */ = {
			isa = PBXGroup;
			children = (
				D15B15B31FB16855002047EF /* Grocery List.app */,
				D15B15C71FB16855002047EF /* Grocery ListTests.xctest */,
				D15B15D21FB16855002047EF /* Grocery ListUITests.xctest */,
			);
			name = Products;
			sourceTree = "<group>";
		};
		D15B15B51FB16855002047EF /* Grocery List */ = {
			isa = PBXGroup;
			children = (
				D10799391FB8EE70000E366B /* Manager */,
				D10799361FB8EE57000E366B /* Model */,
				D15B15B61FB16855002047EF /* AppDelegate.swift */,
				D15B15B81FB16855002047EF /* ViewController.swift */,
				D1A0BC731FBA2E590056BFD0 /* ListNameTableViewCell.swift */,
				D15B15E81FB29AF6002047EF /* MapViewController.swift */,
				D15B15BA1FB16855002047EF /* Main.storyboard */,
				D15B15E61FB29563002047EF /* ListItemsViewController.swift */,
				D18068961FE743BD0073AE9C /* ItemTableCell.swift */,
				D15B15EA1FB2B926002047EF /* ListTableViewCell.swift */,
				D15B15BD1FB16855002047EF /* Assets.xcassets */,
				D15B15BF1FB16855002047EF /* LaunchScreen.storyboard */,
				D15B15C21FB16855002047EF /* Info.plist */,
			);
			path = "Grocery List";
			sourceTree = "<group>";
		};
		D15B15CA1FB16855002047EF /* Grocery ListTests */ = {
			isa = PBXGroup;
			children = (
				D15B15CB1FB16855002047EF /* Grocery_ListTests.swift */,
				D15B15CD1FB16855002047EF /* Info.plist */,
			);
			path = "Grocery ListTests";
			sourceTree = "<group>";
		};
		D15B15D51FB16855002047EF /* Grocery ListUITests */ = {
			isa = PBXGroup;
			children = (
				D15B15D61FB16855002047EF /* Grocery_ListUITests.swift */,
				D15B15D81FB16855002047EF /* Info.plist */,
			);
			path = "Grocery ListUITests";
			sourceTree = "<group>";
		};
/* End PBXGroup section */

/* Begin PBXNativeTarget section */
		D15B15B21FB16855002047EF /* Grocery List */ = {
			isa = PBXNativeTarget;
			buildConfigurationList = D15B15DB1FB16855002047EF /* Build configuration list for PBXNativeTarget "Grocery List" */;
			buildPhases = (
				A54EB6DDB1BCB19E5495EB99 /* [CP] Check Pods Manifest.lock */,
				D15B15AF1FB16855002047EF /* Sources */,
				D15B15B01FB16855002047EF /* Frameworks */,
				D15B15B11FB16855002047EF /* Resources */,
				135BD97EA42C08F9A3D1AA72 /* [CP] Copy Pods Resources */,
			);
			buildRules = (
			);
			dependencies = (
			);
			name = "Grocery List";
			productName = "Grocery List";
			productReference = D15B15B31FB16855002047EF /* Grocery List.app */;
			productType = "com.apple.product-type.application";
		};
		D15B15C61FB16855002047EF /* Grocery ListTests */ = {
			isa = PBXNativeTarget;
			buildConfigurationList = D15B15DE1FB16855002047EF /* Build configuration list for PBXNativeTarget "Grocery ListTests" */;
			buildPhases = (
				1FC02D04CCC8227843A84373 /* [CP] Check Pods Manifest.lock */,
				D15B15C31FB16855002047EF /* Sources */,
				D15B15C41FB16855002047EF /* Frameworks */,
				D15B15C51FB16855002047EF /* Resources */,
			);
			buildRules = (
			);
			dependencies = (
				D15B15C91FB16855002047EF /* PBXTargetDependency */,
			);
			name = "Grocery ListTests";
			productName = "Grocery ListTests";
			productReference = D15B15C71FB16855002047EF /* Grocery ListTests.xctest */;
			productType = "com.apple.product-type.bundle.unit-test";
		};
		D15B15D11FB16855002047EF /* Grocery ListUITests */ = {
			isa = PBXNativeTarget;
			buildConfigurationList = D15B15E11FB16855002047EF /* Build configuration list for PBXNativeTarget "Grocery ListUITests" */;
			buildPhases = (
				FA782C9F3E1CD732850DE70E /* [CP] Check Pods Manifest.lock */,
				D15B15CE1FB16855002047EF /* Sources */,
				D15B15CF1FB16855002047EF /* Frameworks */,
				D15B15D01FB16855002047EF /* Resources */,
			);
			buildRules = (
			);
			dependencies = (
				D15B15D41FB16855002047EF /* PBXTargetDependency */,
			);
			name = "Grocery ListUITests";
			productName = "Grocery ListUITests";
			productReference = D15B15D21FB16855002047EF /* Grocery ListUITests.xctest */;
			productType = "com.apple.product-type.bundle.ui-testing";
		};
/* End PBXNativeTarget section */

/* Begin PBXProject section */
		D15B15AB1FB16855002047EF /* Project object */ = {
			isa = PBXProject;
			attributes = {
				LastSwiftUpdateCheck = 0910;
				LastUpgradeCheck = 0910;
				ORGANIZATIONNAME = Aashana;
				TargetAttributes = {
					D15B15B21FB16855002047EF = {
						CreatedOnToolsVersion = 9.1;
						ProvisioningStyle = Automatic;
						SystemCapabilities = {
							com.apple.BackgroundModes = {
								enabled = 1;
							};
						};
					};
					D15B15C61FB16855002047EF = {
						CreatedOnToolsVersion = 9.1;
						ProvisioningStyle = Automatic;
						TestTargetID = D15B15B21FB16855002047EF;
					};
					D15B15D11FB16855002047EF = {
						CreatedOnToolsVersion = 9.1;
						ProvisioningStyle = Automatic;
						TestTargetID = D15B15B21FB16855002047EF;
					};
				};
			};
			buildConfigurationList = D15B15AE1FB16855002047EF /* Build configuration list for PBXProject "Grocery List" */;
			compatibilityVersion = "Xcode 8.0";
			developmentRegion = en;
			hasScannedForEncodings = 0;
			knownRegions = (
				en,
				Base,
			);
			mainGroup = D15B15AA1FB16855002047EF;
			productRefGroup = D15B15B41FB16855002047EF /* Products */;
			projectDirPath = "";
			projectRoot = "";
			targets = (
				D15B15B21FB16855002047EF /* Grocery List */,
				D15B15C61FB16855002047EF /* Grocery ListTests */,
				D15B15D11FB16855002047EF /* Grocery ListUITests */,
			);
		};
/* End PBXProject section */

/* Begin PBXResourcesBuildPhase section */
		D15B15B11FB16855002047EF /* Resources */ = {
			isa = PBXResourcesBuildPhase;
			buildActionMask = 2147483647;
			files = (
				D15B15C11FB16855002047EF /* LaunchScreen.storyboard in Resources */,
				D15B15BE1FB16855002047EF /* Assets.xcassets in Resources */,
				D1474889208ECF9700ADCBD2 /* IQKeyboardManager.bundle in Resources */,
				D15B15BC1FB16855002047EF /* Main.storyboard in Resources */,
			);
			runOnlyForDeploymentPostprocessing = 0;
		};
		D15B15C51FB16855002047EF /* Resources */ = {
			isa = PBXResourcesBuildPhase;
			buildActionMask = 2147483647;
			files = (
			);
			runOnlyForDeploymentPostprocessing = 0;
		};
		D15B15D01FB16855002047EF /* Resources */ = {
			isa = PBXResourcesBuildPhase;
			buildActionMask = 2147483647;
			files = (
			);
			runOnlyForDeploymentPostprocessing = 0;
		};
/* End PBXResourcesBuildPhase section */

/* Begin PBXShellScriptBuildPhase section */
		135BD97EA42C08F9A3D1AA72 /* [CP] Copy Pods Resources */ = {
			isa = PBXShellScriptBuildPhase;
			buildActionMask = 2147483647;
			files = (
			);
			inputPaths = (
				"${SRCROOT}/Pods/Target Support Files/Pods-Grocery List/Pods-Grocery List-resources.sh",
				"${PODS_ROOT}/GoogleMaps/Maps/Frameworks/GoogleMaps.framework/Resources/GoogleMaps.bundle",
				"${PODS_ROOT}/GooglePlacePicker/Frameworks/GooglePlacePicker.framework/Resources/GooglePlacePicker.bundle",
				"${PODS_ROOT}/GooglePlaces/Frameworks/GooglePlaces.framework/Resources/GooglePlaces.bundle",
			);
			name = "[CP] Copy Pods Resources";
			outputPaths = (
				"${TARGET_BUILD_DIR}/${UNLOCALIZED_RESOURCES_FOLDER_PATH}/GoogleMaps.bundle",
				"${TARGET_BUILD_DIR}/${UNLOCALIZED_RESOURCES_FOLDER_PATH}/GooglePlacePicker.bundle",
				"${TARGET_BUILD_DIR}/${UNLOCALIZED_RESOURCES_FOLDER_PATH}/GooglePlaces.bundle",
			);
			runOnlyForDeploymentPostprocessing = 0;
			shellPath = /bin/sh;
			shellScript = "\"${SRCROOT}/Pods/Target Support Files/Pods-Grocery List/Pods-Grocery List-resources.sh\"\n";
			showEnvVarsInLog = 0;
		};
		1FC02D04CCC8227843A84373 /* [CP] Check Pods Manifest.lock */ = {
			isa = PBXShellScriptBuildPhase;
			buildActionMask = 2147483647;
			files = (
			);
			inputPaths = (
				"${PODS_PODFILE_DIR_PATH}/Podfile.lock",
				"${PODS_ROOT}/Manifest.lock",
			);
			name = "[CP] Check Pods Manifest.lock";
			outputPaths = (
				"$(DERIVED_FILE_DIR)/Pods-Grocery ListTests-checkManifestLockResult.txt",
			);
			runOnlyForDeploymentPostprocessing = 0;
			shellPath = /bin/sh;
			shellScript = "diff \"${PODS_PODFILE_DIR_PATH}/Podfile.lock\" \"${PODS_ROOT}/Manifest.lock\" > /dev/null\nif [ $? != 0 ] ; then\n    # print error to STDERR\n    echo \"error: The sandbox is not in sync with the Podfile.lock. Run 'pod install' or update your CocoaPods installation.\" >&2\n    exit 1\nfi\n# This output is used by Xcode 'outputs' to avoid re-running this script phase.\necho \"SUCCESS\" > \"${SCRIPT_OUTPUT_FILE_0}\"\n";
			showEnvVarsInLog = 0;
		};
		A54EB6DDB1BCB19E5495EB99 /* [CP] Check Pods Manifest.lock */ = {
			isa = PBXShellScriptBuildPhase;
			buildActionMask = 2147483647;
			files = (
			);
			inputPaths = (
				"${PODS_PODFILE_DIR_PATH}/Podfile.lock",
				"${PODS_ROOT}/Manifest.lock",
			);
			name = "[CP] Check Pods Manifest.lock";
			outputPaths = (
				"$(DERIVED_FILE_DIR)/Pods-Grocery List-checkManifestLockResult.txt",
			);
			runOnlyForDeploymentPostprocessing = 0;
			shellPath = /bin/sh;
			shellScript = "diff \"${PODS_PODFILE_DIR_PATH}/Podfile.lock\" \"${PODS_ROOT}/Manifest.lock\" > /dev/null\nif [ $? != 0 ] ; then\n    # print error to STDERR\n    echo \"error: The sandbox is not in sync with the Podfile.lock. Run 'pod install' or update your CocoaPods installation.\" >&2\n    exit 1\nfi\n# This output is used by Xcode 'outputs' to avoid re-running this script phase.\necho \"SUCCESS\" > \"${SCRIPT_OUTPUT_FILE_0}\"\n";
			showEnvVarsInLog = 0;
		};
		FA782C9F3E1CD732850DE70E /* [CP] Check Pods Manifest.lock */ = {
			isa = PBXShellScriptBuildPhase;
			buildActionMask = 2147483647;
			files = (
			);
			inputPaths = (
				"${PODS_PODFILE_DIR_PATH}/Podfile.lock",
				"${PODS_ROOT}/Manifest.lock",
			);
			name = "[CP] Check Pods Manifest.lock";
			outputPaths = (
				"$(DERIVED_FILE_DIR)/Pods-Grocery ListUITests-checkManifestLockResult.txt",
			);
			runOnlyForDeploymentPostprocessing = 0;
			shellPath = /bin/sh;
			shellScript = "diff \"${PODS_PODFILE_DIR_PATH}/Podfile.lock\" \"${PODS_ROOT}/Manifest.lock\" > /dev/null\nif [ $? != 0 ] ; then\n    # print error to STDERR\n    echo \"error: The sandbox is not in sync with the Podfile.lock. Run 'pod install' or update your CocoaPods installation.\" >&2\n    exit 1\nfi\n# This output is used by Xcode 'outputs' to avoid re-running this script phase.\necho \"SUCCESS\" > \"${SCRIPT_OUTPUT_FILE_0}\"\n";
			showEnvVarsInLog = 0;
		};
/* End PBXShellScriptBuildPhase section */

/* Begin PBXSourcesBuildPhase section */
		D15B15AF1FB16855002047EF /* Sources */ = {
			isa = PBXSourcesBuildPhase;
			buildActionMask = 2147483647;
			files = (
				D147487A208ECF9700ADCBD2 /* IQUIScrollView+Additions.swift in Sources */,
				D10799381FB8EE65000E366B /* CoreDataManager.swift in Sources */,
				D147487B208ECF9700ADCBD2 /* IQUITextFieldView+Additions.swift in Sources */,
				D147487F208ECF9700ADCBD2 /* IQKeyboardManagerConstantsInternal.swift in Sources */,
				D15B15B91FB16855002047EF /* ViewController.swift in Sources */,
				D15B15E71FB29563002047EF /* ListItemsViewController.swift in Sources */,
				D1474885208ECF9700ADCBD2 /* IQPreviousNextView.swift in Sources */,
				D15B15B71FB16855002047EF /* AppDelegate.swift in Sources */,
				D18068971FE743BD0073AE9C /* ItemTableCell.swift in Sources */,
				D1474881208ECF9700ADCBD2 /* IQKeyboardReturnKeyHandler.swift in Sources */,
				D1474886208ECF9700ADCBD2 /* IQTitleBarButtonItem.swift in Sources */,
				D1474884208ECF9700ADCBD2 /* IQInvocation.swift in Sources */,
				D147487C208ECF9700ADCBD2 /* IQUIView+Hierarchy.swift in Sources */,
				D1474888208ECF9700ADCBD2 /* IQUIView+IQKeyboardToolbar.swift in Sources */,
				D15B15E91FB29AF6002047EF /* MapViewController.swift in Sources */,
				D1474879208ECF9700ADCBD2 /* IQNSArray+Sort.swift in Sources */,
				D1474880208ECF9700ADCBD2 /* IQKeyboardManager.swift in Sources */,
				D147487D208ECF9700ADCBD2 /* IQUIViewController+Additions.swift in Sources */,
				D1474883208ECF9700ADCBD2 /* IQBarButtonItem.swift in Sources */,
				D1C1279C1FB941C6006D0EAF /* Grocery.xcdatamodeld in Sources */,
				D1A0BC741FBA2E590056BFD0 /* ListNameTableViewCell.swift in Sources */,
				D147487E208ECF9700ADCBD2 /* IQKeyboardManagerConstants.swift in Sources */,
				D1474882208ECF9700ADCBD2 /* IQTextView.swift in Sources */,
				D15B15EB1FB2B926002047EF /* ListTableViewCell.swift in Sources */,
				D1474887208ECF9700ADCBD2 /* IQToolbar.swift in Sources */,
			);
			runOnlyForDeploymentPostprocessing = 0;
		};
		D15B15C31FB16855002047EF /* Sources */ = {
			isa = PBXSourcesBuildPhase;
			buildActionMask = 2147483647;
			files = (
				D15B15CC1FB16855002047EF /* Grocery_ListTests.swift in Sources */,
			);
			runOnlyForDeploymentPostprocessing = 0;
		};
		D15B15CE1FB16855002047EF /* Sources */ = {
			isa = PBXSourcesBuildPhase;
			buildActionMask = 2147483647;
			files = (
				D15B15D71FB16855002047EF /* Grocery_ListUITests.swift in Sources */,
			);
			runOnlyForDeploymentPostprocessing = 0;
		};
/* End PBXSourcesBuildPhase section */

/* Begin PBXTargetDependency section */
		D15B15C91FB16855002047EF /* PBXTargetDependency */ = {
			isa = PBXTargetDependency;
			target = D15B15B21FB16855002047EF /* Grocery List */;
			targetProxy = D15B15C81FB16855002047EF /* PBXContainerItemProxy */;
		};
		D15B15D41FB16855002047EF /* PBXTargetDependency */ = {
			isa = PBXTargetDependency;
			target = D15B15B21FB16855002047EF /* Grocery List */;
			targetProxy = D15B15D31FB16855002047EF /* PBXContainerItemProxy */;
		};
/* End PBXTargetDependency section */

/* Begin PBXVariantGroup section */
		D15B15BA1FB16855002047EF /* Main.storyboard */ = {
			isa = PBXVariantGroup;
			children = (
				D15B15BB1FB16855002047EF /* Base */,
			);
			name = Main.storyboard;
			sourceTree = "<group>";
		};
		D15B15BF1FB16855002047EF /* LaunchScreen.storyboard */ = {
			isa = PBXVariantGroup;
			children = (
				D15B15C01FB16855002047EF /* Base */,
			);
			name = LaunchScreen.storyboard;
			sourceTree = "<group>";
		};
/* End PBXVariantGroup section */

/* Begin XCBuildConfiguration section */
		D15B15D91FB16855002047EF /* Debug */ = {
			isa = XCBuildConfiguration;
			buildSettings = {
				ALWAYS_SEARCH_USER_PATHS = NO;
				CLANG_ANALYZER_NONNULL = YES;
				CLANG_ANALYZER_NUMBER_OBJECT_CONVERSION = YES_AGGRESSIVE;
				CLANG_CXX_LANGUAGE_STANDARD = "gnu++14";
				CLANG_CXX_LIBRARY = "libc++";
				CLANG_ENABLE_MODULES = YES;
				CLANG_ENABLE_OBJC_ARC = YES;
				CLANG_WARN_BLOCK_CAPTURE_AUTORELEASING = YES;
				CLANG_WARN_BOOL_CONVERSION = YES;
				CLANG_WARN_COMMA = YES;
				CLANG_WARN_CONSTANT_CONVERSION = YES;
				CLANG_WARN_DIRECT_OBJC_ISA_USAGE = YES_ERROR;
				CLANG_WARN_DOCUMENTATION_COMMENTS = YES;
				CLANG_WARN_EMPTY_BODY = YES;
				CLANG_WARN_ENUM_CONVERSION = YES;
				CLANG_WARN_INFINITE_RECURSION = YES;
				CLANG_WARN_INT_CONVERSION = YES;
				CLANG_WARN_NON_LITERAL_NULL_CONVERSION = YES;
				CLANG_WARN_OBJC_LITERAL_CONVERSION = YES;
				CLANG_WARN_OBJC_ROOT_CLASS = YES_ERROR;
				CLANG_WARN_RANGE_LOOP_ANALYSIS = YES;
				CLANG_WARN_STRICT_PROTOTYPES = YES;
				CLANG_WARN_SUSPICIOUS_MOVE = YES;
				CLANG_WARN_UNGUARDED_AVAILABILITY = YES_AGGRESSIVE;
				CLANG_WARN_UNREACHABLE_CODE = YES;
				CLANG_WARN__DUPLICATE_METHOD_MATCH = YES;
				CODE_SIGN_IDENTITY = "iPhone Developer";
				COPY_PHASE_STRIP = NO;
				DEBUG_INFORMATION_FORMAT = dwarf;
				ENABLE_STRICT_OBJC_MSGSEND = YES;
				ENABLE_TESTABILITY = YES;
				GCC_C_LANGUAGE_STANDARD = gnu11;
				GCC_DYNAMIC_NO_PIC = NO;
				GCC_NO_COMMON_BLOCKS = YES;
				GCC_OPTIMIZATION_LEVEL = 0;
				GCC_PREPROCESSOR_DEFINITIONS = (
					"DEBUG=1",
					"$(inherited)",
				);
				GCC_WARN_64_TO_32_BIT_CONVERSION = YES;
				GCC_WARN_ABOUT_RETURN_TYPE = YES_ERROR;
				GCC_WARN_UNDECLARED_SELECTOR = YES;
				GCC_WARN_UNINITIALIZED_AUTOS = YES_AGGRESSIVE;
				GCC_WARN_UNUSED_FUNCTION = YES;
				GCC_WARN_UNUSED_VARIABLE = YES;
				IPHONEOS_DEPLOYMENT_TARGET = 11.1;
				MTL_ENABLE_DEBUG_INFO = YES;
				ONLY_ACTIVE_ARCH = YES;
				SDKROOT = iphoneos;
				SWIFT_ACTIVE_COMPILATION_CONDITIONS = DEBUG;
				SWIFT_OPTIMIZATION_LEVEL = "-Onone";
			};
			name = Debug;
		};
		D15B15DA1FB16855002047EF /* Release */ = {
			isa = XCBuildConfiguration;
			buildSettings = {
				ALWAYS_SEARCH_USER_PATHS = NO;
				CLANG_ANALYZER_NONNULL = YES;
				CLANG_ANALYZER_NUMBER_OBJECT_CONVERSION = YES_AGGRESSIVE;
				CLANG_CXX_LANGUAGE_STANDARD = "gnu++14";
				CLANG_CXX_LIBRARY = "libc++";
				CLANG_ENABLE_MODULES = YES;
				CLANG_ENABLE_OBJC_ARC = YES;
				CLANG_WARN_BLOCK_CAPTURE_AUTORELEASING = YES;
				CLANG_WARN_BOOL_CONVERSION = YES;
				CLANG_WARN_COMMA = YES;
				CLANG_WARN_CONSTANT_CONVERSION = YES;
				CLANG_WARN_DIRECT_OBJC_ISA_USAGE = YES_ERROR;
				CLANG_WARN_DOCUMENTATION_COMMENTS = YES;
				CLANG_WARN_EMPTY_BODY = YES;
				CLANG_WARN_ENUM_CONVERSION = YES;
				CLANG_WARN_INFINITE_RECURSION = YES;
				CLANG_WARN_INT_CONVERSION = YES;
				CLANG_WARN_NON_LITERAL_NULL_CONVERSION = YES;
				CLANG_WARN_OBJC_LITERAL_CONVERSION = YES;
				CLANG_WARN_OBJC_ROOT_CLASS = YES_ERROR;
				CLANG_WARN_RANGE_LOOP_ANALYSIS = YES;
				CLANG_WARN_STRICT_PROTOTYPES = YES;
				CLANG_WARN_SUSPICIOUS_MOVE = YES;
				CLANG_WARN_UNGUARDED_AVAILABILITY = YES_AGGRESSIVE;
				CLANG_WARN_UNREACHABLE_CODE = YES;
				CLANG_WARN__DUPLICATE_METHOD_MATCH = YES;
				CODE_SIGN_IDENTITY = "iPhone Developer";
				COPY_PHASE_STRIP = NO;
				DEBUG_INFORMATION_FORMAT = "dwarf-with-dsym";
				ENABLE_NS_ASSERTIONS = NO;
				ENABLE_STRICT_OBJC_MSGSEND = YES;
				GCC_C_LANGUAGE_STANDARD = gnu11;
				GCC_NO_COMMON_BLOCKS = YES;
				GCC_WARN_64_TO_32_BIT_CONVERSION = YES;
				GCC_WARN_ABOUT_RETURN_TYPE = YES_ERROR;
				GCC_WARN_UNDECLARED_SELECTOR = YES;
				GCC_WARN_UNINITIALIZED_AUTOS = YES_AGGRESSIVE;
				GCC_WARN_UNUSED_FUNCTION = YES;
				GCC_WARN_UNUSED_VARIABLE = YES;
				IPHONEOS_DEPLOYMENT_TARGET = 11.1;
				MTL_ENABLE_DEBUG_INFO = NO;
				SDKROOT = iphoneos;
				SWIFT_OPTIMIZATION_LEVEL = "-Owholemodule";
				VALIDATE_PRODUCT = YES;
			};
			name = Release;
		};
		D15B15DC1FB16855002047EF /* Debug */ = {
			isa = XCBuildConfiguration;
			baseConfigurationReference = 7C425756D982FDCF9AD46B00 /* Pods-Grocery List.debug.xcconfig */;
			buildSettings = {
				ASSETCATALOG_COMPILER_APPICON_NAME = AppIcon;
				CODE_SIGN_STYLE = Automatic;
				DEVELOPMENT_TEAM = FEF2KNS89A;
				INFOPLIST_FILE = "Grocery List/Info.plist";
				IPHONEOS_DEPLOYMENT_TARGET = 11.4;
				LD_RUNPATH_SEARCH_PATHS = "$(inherited) @executable_path/Frameworks";
				PRODUCT_BUNDLE_IDENTIFIER = com.Aashana.Geotify;
				PRODUCT_NAME = "$(TARGET_NAME)";
				SWIFT_REFLECTION_METADATA_LEVEL = all;
				SWIFT_VERSION = 4.0;
				TARGETED_DEVICE_FAMILY = "1,2";
			};
			name = Debug;
		};
		D15B15DD1FB16855002047EF /* Release */ = {
			isa = XCBuildConfiguration;
			baseConfigurationReference = 046E8D7BAB69B06487E5DD26 /* Pods-Grocery List.release.xcconfig */;
			buildSettings = {
				ASSETCATALOG_COMPILER_APPICON_NAME = AppIcon;
				CODE_SIGN_STYLE = Automatic;
				DEVELOPMENT_TEAM = FEF2KNS89A;
				INFOPLIST_FILE = "Grocery List/Info.plist";
				IPHONEOS_DEPLOYMENT_TARGET = 11.4;
				LD_RUNPATH_SEARCH_PATHS = "$(inherited) @executable_path/Frameworks";
				PRODUCT_BUNDLE_IDENTIFIER = com.Aashana.Geotify;
				PRODUCT_NAME = "$(TARGET_NAME)";
				SWIFT_REFLECTION_METADATA_LEVEL = all;
				SWIFT_VERSION = 4.0;
				TARGETED_DEVICE_FAMILY = "1,2";
			};
			name = Release;
		};
		D15B15DF1FB16855002047EF /* Debug */ = {
			isa = XCBuildConfiguration;
			baseConfigurationReference = 5E019E87E3CA0DF196E890D7 /* Pods-Grocery ListTests.debug.xcconfig */;
			buildSettings = {
				ALWAYS_EMBED_SWIFT_STANDARD_LIBRARIES = YES;
				BUNDLE_LOADER = "$(TEST_HOST)";
				CODE_SIGN_STYLE = Automatic;
				DEVELOPMENT_TEAM = TSZ4AB55DJ;
				INFOPLIST_FILE = "Grocery ListTests/Info.plist";
				LD_RUNPATH_SEARCH_PATHS = "$(inherited) @executable_path/Frameworks @loader_path/Frameworks";
				PRODUCT_BUNDLE_IDENTIFIER = "com.EDF.Grocery-ListTests";
				PRODUCT_NAME = "$(TARGET_NAME)";
				SWIFT_VERSION = 4.0;
				TARGETED_DEVICE_FAMILY = "1,2";
				TEST_HOST = "$(BUILT_PRODUCTS_DIR)/Grocery List.app/Grocery List";
			};
			name = Debug;
		};
		D15B15E01FB16855002047EF /* Release */ = {
			isa = XCBuildConfiguration;
			baseConfigurationReference = B1D12DA2B99A2B6A85F9870B /* Pods-Grocery ListTests.release.xcconfig */;
			buildSettings = {
				ALWAYS_EMBED_SWIFT_STANDARD_LIBRARIES = YES;
				BUNDLE_LOADER = "$(TEST_HOST)";
				CODE_SIGN_STYLE = Automatic;
				DEVELOPMENT_TEAM = TSZ4AB55DJ;
				INFOPLIST_FILE = "Grocery ListTests/Info.plist";
				LD_RUNPATH_SEARCH_PATHS = "$(inherited) @executable_path/Frameworks @loader_path/Frameworks";
				PRODUCT_BUNDLE_IDENTIFIER = "com.EDF.Grocery-ListTests";
				PRODUCT_NAME = "$(TARGET_NAME)";
				SWIFT_VERSION = 4.0;
				TARGETED_DEVICE_FAMILY = "1,2";
				TEST_HOST = "$(BUILT_PRODUCTS_DIR)/Grocery List.app/Grocery List";
			};
			name = Release;
		};
		D15B15E21FB16855002047EF /* Debug */ = {
			isa = XCBuildConfiguration;
			baseConfigurationReference = 0B847C124F9EB03A7D957752 /* Pods-Grocery ListUITests.debug.xcconfig */;
			buildSettings = {
				ALWAYS_EMBED_SWIFT_STANDARD_LIBRARIES = YES;
				CODE_SIGN_STYLE = Automatic;
				DEVELOPMENT_TEAM = TSZ4AB55DJ;
				INFOPLIST_FILE = "Grocery ListUITests/Info.plist";
				LD_RUNPATH_SEARCH_PATHS = "$(inherited) @executable_path/Frameworks @loader_path/Frameworks";
				PRODUCT_BUNDLE_IDENTIFIER = "com.EDF.Grocery-ListUITests";
				PRODUCT_NAME = "$(TARGET_NAME)";
				SWIFT_VERSION = 4.0;
				TARGETED_DEVICE_FAMILY = "1,2";
				TEST_TARGET_NAME = "Grocery List";
			};
			name = Debug;
		};
		D15B15E31FB16855002047EF /* Release */ = {
			isa = XCBuildConfiguration;
			baseConfigurationReference = 801BEB91291E7380AF1D1E0E /* Pods-Grocery ListUITests.release.xcconfig */;
			buildSettings = {
				ALWAYS_EMBED_SWIFT_STANDARD_LIBRARIES = YES;
				CODE_SIGN_STYLE = Automatic;
				DEVELOPMENT_TEAM = TSZ4AB55DJ;
				INFOPLIST_FILE = "Grocery ListUITests/Info.plist";
				LD_RUNPATH_SEARCH_PATHS = "$(inherited) @executable_path/Frameworks @loader_path/Frameworks";
				PRODUCT_BUNDLE_IDENTIFIER = "com.EDF.Grocery-ListUITests";
				PRODUCT_NAME = "$(TARGET_NAME)";
				SWIFT_VERSION = 4.0;
				TARGETED_DEVICE_FAMILY = "1,2";
				TEST_TARGET_NAME = "Grocery List";
			};
			name = Release;
		};
/* End XCBuildConfiguration section */

/* Begin XCConfigurationList section */
		D15B15AE1FB16855002047EF /* Build configuration list for PBXProject "Grocery List" */ = {
			isa = XCConfigurationList;
			buildConfigurations = (
				D15B15D91FB16855002047EF /* Debug */,
				D15B15DA1FB16855002047EF /* Release */,
			);
			defaultConfigurationIsVisible = 0;
			defaultConfigurationName = Release;
		};
		D15B15DB1FB16855002047EF /* Build configuration list for PBXNativeTarget "Grocery List" */ = {
			isa = XCConfigurationList;
			buildConfigurations = (
				D15B15DC1FB16855002047EF /* Debug */,
				D15B15DD1FB16855002047EF /* Release */,
			);
			defaultConfigurationIsVisible = 0;
			defaultConfigurationName = Release;
		};
		D15B15DE1FB16855002047EF /* Build configuration list for PBXNativeTarget "Grocery ListTests" */ = {
			isa = XCConfigurationList;
			buildConfigurations = (
				D15B15DF1FB16855002047EF /* Debug */,
				D15B15E01FB16855002047EF /* Release */,
			);
			defaultConfigurationIsVisible = 0;
			defaultConfigurationName = Release;
		};
		D15B15E11FB16855002047EF /* Build configuration list for PBXNativeTarget "Grocery ListUITests" */ = {
			isa = XCConfigurationList;
			buildConfigurations = (
				D15B15E21FB16855002047EF /* Debug */,
				D15B15E31FB16855002047EF /* Release */,
			);
			defaultConfigurationIsVisible = 0;
			defaultConfigurationName = Release;
		};
/* End XCConfigurationList section */

/* Begin XCVersionGroup section */
		D10799341FB8EE3D000E366B /* Grocery.xcdatamodeld */ = {
			isa = XCVersionGroup;
			children = (
				D10799351FB8EE3D000E366B /* Grocery.xcdatamodel */,
			);
			currentVersion = D10799351FB8EE3D000E366B /* Grocery.xcdatamodel */;
			path = Grocery.xcdatamodeld;
			sourceTree = "<group>";
			versionGroupType = wrapper.xcdatamodel;
		};
/* End XCVersionGroup section */
	};
	rootObject = D15B15AB1FB16855002047EF /* Project object */;
}
